# Code generated by scarb DO NOT EDIT.
version = 1

[[package]]
name = "snforge_std"
version = "0.20.1"
source = "git+https://github.com/foundry-rs/starknet-foundry.git?tag=v0.20.1#fea2db8f2b20148cc15ee34b08de12028eb42942"

[[package]]
name = "token_bound_accounts"
version = "0.3.0"
dependencies = [
 "snforge_std",
]
