# Code generated by scarb DO NOT EDIT.
version = 1

[[package]]
name = "snforge_std"
version = "0.1.0"
source = "git+https://github.com/foundry-rs/starknet-foundry.git?tag=v0.7.0#d8d546a682392e45683c84ac44b8f11664191d86"

[[package]]
name = "token_bound_accounts"
version = "0.1.0"
dependencies = [
 "snforge_std",
]
